// !$*UTF8*$!
{
	archiveVersion = 1;
	classes = {
	};
	objectVersion = 48;
	objects = {

/* Begin PBXBuildFile section */
		AF4FD6E02225848800C5B0A4 /* AppDelegate.swift in Sources */ = {isa = PBXBuildFile; fileRef = AF4FD6DF2225848800C5B0A4 /* AppDelegate.swift */; };
		AF4FD6E22225848800C5B0A4 /* ViewController.swift in Sources */ = {isa = PBXBuildFile; fileRef = AF4FD6E12225848800C5B0A4 /* ViewController.swift */; };
		AF4FD6E52225848800C5B0A4 /* Main.storyboard in Resources */ = {isa = PBXBuildFile; fileRef = AF4FD6E32225848800C5B0A4 /* Main.storyboard */; };
		AF4FD6E72225848900C5B0A4 /* Assets.xcassets in Resources */ = {isa = PBXBuildFile; fileRef = AF4FD6E62225848900C5B0A4 /* Assets.xcassets */; };
		AF4FD6EA2225848900C5B0A4 /* LaunchScreen.storyboard in Resources */ = {isa = PBXBuildFile; fileRef = AF4FD6E82225848900C5B0A4 /* LaunchScreen.storyboard */; };
/* End PBXBuildFile section */

/* Begin PBXContainerItemProxy section */
		AF4FD6F12225848900C5B0A4 /* PBXContainerItemProxy */ = {
			isa = PBXContainerItemProxy;
			containerPortal = AF4FD6D42225848800C5B0A4 /* Project object */;
			proxyType = 1;
			remoteGlobalIDString = AF4FD6DB2225848800C5B0A4;
			remoteInfo = 2MD;
		};
		AF4FD6FC2225848900C5B0A4 /* PBXContainerItemProxy */ = {
			isa = PBXContainerItemProxy;
			containerPortal = AF4FD6D42225848800C5B0A4 /* Project object */;
			proxyType = 1;
			remoteGlobalIDString = AF4FD6DB2225848800C5B0A4;
			remoteInfo = 2MD;
		};
/* End PBXContainerItemProxy section */

/* Begin PBXFileReference section */
		AF4FD6DC2225848800C5B0A4 /* 2MD.app */ = {isa = PBXFileReference; explicitFileType = wrapper.application; includeInIndex = 0; path = 2MD.app; sourceTree = BUILT_PRODUCTS_DIR; };
		AF4FD6DF2225848800C5B0A4 /* AppDelegate.swift */ = {isa = PBXFileReference; lastKnownFileType = sourcecode.swift; path = AppDelegate.swift; sourceTree = "<group>"; };
		AF4FD6E12225848800C5B0A4 /* ViewController.swift */ = {isa = PBXFileReference; lastKnownFileType = sourcecode.swift; path = ViewController.swift; sourceTree = "<group>"; };
		AF4FD6E42225848800C5B0A4 /* Base */ = {isa = PBXFileReference; lastKnownFileType = file.storyboard; name = Base; path = Base.lproj/Main.storyboard; sourceTree = "<group>"; };
		AF4FD6E62225848900C5B0A4 /* Assets.xcassets */ = {isa = PBXFileReference; lastKnownFileType = folder.assetcatalog; path = Assets.xcassets; sourceTree = "<group>"; };
		AF4FD6E92225848900C5B0A4 /* Base */ = {isa = PBXFileReference; lastKnownFileType = file.storyboard; name = Base; path = Base.lproj/LaunchScreen.storyboard; sourceTree = "<group>"; };
		AF4FD6EB2225848900C5B0A4 /* Info.plist */ = {isa = PBXFileReference; lastKnownFileType = text.plist.xml; path = Info.plist; sourceTree = "<group>"; };
		AF4FD6F02225848900C5B0A4 /* 2MDTests.xctest */ = {isa = PBXFileReference; explicitFileType = wrapper.cfbundle; includeInIndex = 0; path = 2MDTests.xctest; sourceTree = BUILT_PRODUCTS_DIR; };
		AF4FD6FB2225848900C5B0A4 /* 2MDUITests.xctest */ = {isa = PBXFileReference; explicitFileType = wrapper.cfbundle; includeInIndex = 0; path = 2MDUITests.xctest; sourceTree = BUILT_PRODUCTS_DIR; };
/* End PBXFileReference section */

/* Begin PBXFrameworksBuildPhase section */
		AF4FD6D92225848800C5B0A4 /* Frameworks */ = {
			isa = PBXFrameworksBuildPhase;
			buildActionMask = 2147483647;
			files = (
			);
			runOnlyForDeploymentPostprocessing = 0;
		};
		AF4FD6ED2225848900C5B0A4 /* Frameworks */ = {
			isa = PBXFrameworksBuildPhase;
			buildActionMask = 2147483647;
			files = (
			);
			runOnlyForDeploymentPostprocessing = 0;
		};
		AF4FD6F82225848900C5B0A4 /* Frameworks */ = {
			isa = PBXFrameworksBuildPhase;
			buildActionMask = 2147483647;
			files = (
			);
			runOnlyForDeploymentPostprocessing = 0;
		};
/* End PBXFrameworksBuildPhase section */

/* Begin PBXGroup section */
		AF4FD6D32225848800C5B0A4 = {
			isa = PBXGroup;
			children = (
				AF4FD6DE2225848800C5B0A4 /* 2MD */,
				AF4FD6DD2225848800C5B0A4 /* Products */,
			);
			sourceTree = "<group>";
		};
		AF4FD6DD2225848800C5B0A4 /* Products */ = {
			isa = PBXGroup;
			children = (
				AF4FD6DC2225848800C5B0A4 /* 2MD.app */,
				AF4FD6F02225848900C5B0A4 /* 2MDTests.xctest */,
				AF4FD6FB2225848900C5B0A4 /* 2MDUITests.xctest */,
			);
			name = Products;
			sourceTree = "<group>";
		};
		AF4FD6DE2225848800C5B0A4 /* 2MD */ = {
			isa = PBXGroup;
			children = (
				AF4FD6DF2225848800C5B0A4 /* AppDelegate.swift */,
				AF4FD6E12225848800C5B0A4 /* ViewController.swift */,
				AF4FD6E32225848800C5B0A4 /* Main.storyboard */,
				AF4FD6E62225848900C5B0A4 /* Assets.xcassets */,
				AF4FD6E82225848900C5B0A4 /* LaunchScreen.storyboard */,
				AF4FD6EB2225848900C5B0A4 /* Info.plist */,
			);
			path = 2MD;
			sourceTree = "<group>";
		};
/* End PBXGroup section */

/* Begin PBXNativeTarget section */
		AF4FD6DB2225848800C5B0A4 /* 2MD */ = {
			isa = PBXNativeTarget;
			buildConfigurationList = AF4FD7042225848900C5B0A4 /* Build configuration list for PBXNativeTarget "2MD" */;
			buildPhases = (
				AF4FD6D82225848800C5B0A4 /* Sources */,
				AF4FD6D92225848800C5B0A4 /* Frameworks */,
				AF4FD6DA2225848800C5B0A4 /* Resources */,
			);
			buildRules = (
			);
			dependencies = (
			);
			name = 2MD;
			productName = 2MD;
			productReference = AF4FD6DC2225848800C5B0A4 /* 2MD.app */;
			productType = "com.apple.product-type.application";
		};
		AF4FD6EF2225848900C5B0A4 /* 2MDTests */ = {
			isa = PBXNativeTarget;
			buildConfigurationList = AF4FD7072225848900C5B0A4 /* Build configuration list for PBXNativeTarget "2MDTests" */;
			buildPhases = (
				AF4FD6EC2225848900C5B0A4 /* Sources */,
				AF4FD6ED2225848900C5B0A4 /* Frameworks */,
				AF4FD6EE2225848900C5B0A4 /* Resources */,
			);
			buildRules = (
			);
			dependencies = (
				AF4FD6F22225848900C5B0A4 /* PBXTargetDependency */,
			);
			name = 2MDTests;
			productName = 2MDTests;
			productReference = AF4FD6F02225848900C5B0A4 /* 2MDTests.xctest */;
			productType = "com.apple.product-type.bundle.unit-test";
		};
		AF4FD6FA2225848900C5B0A4 /* 2MDUITests */ = {
			isa = PBXNativeTarget;
			buildConfigurationList = AF4FD70A2225848900C5B0A4 /* Build configuration list for PBXNativeTarget "2MDUITests" */;
			buildPhases = (
				AF4FD6F72225848900C5B0A4 /* Sources */,
				AF4FD6F82225848900C5B0A4 /* Frameworks */,
				AF4FD6F92225848900C5B0A4 /* Resources */,
			);
			buildRules = (
			);
			dependencies = (
				AF4FD6FD2225848900C5B0A4 /* PBXTargetDependency */,
			);
			name = 2MDUITests;
			productName = 2MDUITests;
			productReference = AF4FD6FB2225848900C5B0A4 /* 2MDUITests.xctest */;
			productType = "com.apple.product-type.bundle.ui-testing";
		};
/* End PBXNativeTarget section */

/* Begin PBXProject section */
		AF4FD6D42225848800C5B0A4 /* Project object */ = {
			isa = PBXProject;
			attributes = {
				LastSwiftUpdateCheck = 1010;
				LastUpgradeCheck = 1010;
				ORGANIZATIONNAME = Students;
				TargetAttributes = {
					AF4FD6DB2225848800C5B0A4 = {
						CreatedOnToolsVersion = 10.1;
						ProvisioningStyle = Automatic;
					};
					AF4FD6EF2225848900C5B0A4 = {
						CreatedOnToolsVersion = 10.1;
						ProvisioningStyle = Automatic;
						TestTargetID = AF4FD6DB2225848800C5B0A4;
					};
					AF4FD6FA2225848900C5B0A4 = {
						CreatedOnToolsVersion = 10.1;
						ProvisioningStyle = Automatic;
						TestTargetID = AF4FD6DB2225848800C5B0A4;
					};
				};
			};
			buildConfigurationList = AF4FD6D72225848800C5B0A4 /* Build configuration list for PBXProject "2MD" */;
			compatibilityVersion = "Xcode 8.0";
			developmentRegion = en;
			hasScannedForEncodings = 0;
			knownRegions = (
				en,
				Base,
			);
			mainGroup = AF4FD6D32225848800C5B0A4;
			productRefGroup = AF4FD6DD2225848800C5B0A4 /* Products */;
			projectDirPath = "";
			projectRoot = "";
			targets = (
				AF4FD6DB2225848800C5B0A4 /* 2MD */,
				AF4FD6EF2225848900C5B0A4 /* 2MDTests */,
				AF4FD6FA2225848900C5B0A4 /* 2MDUITests */,
			);
		};
/* End PBXProject section */

/* Begin PBXResourcesBuildPhase section */
		AF4FD6DA2225848800C5B0A4 /* Resources */ = {
			isa = PBXResourcesBuildPhase;
			buildActionMask = 2147483647;
			files = (
				AF4FD6EA2225848900C5B0A4 /* LaunchScreen.storyboard in Resources */,
				AF4FD6E72225848900C5B0A4 /* Assets.xcassets in Resources */,
				AF4FD6E52225848800C5B0A4 /* Main.storyboard in Resources */,
			);
			runOnlyForDeploymentPostprocessing = 0;
		};
		AF4FD6EE2225848900C5B0A4 /* Resources */ = {
			isa = PBXResourcesBuildPhase;
			buildActionMask = 2147483647;
			files = (
			);
			runOnlyForDeploymentPostprocessing = 0;
		};
		AF4FD6F92225848900C5B0A4 /* Resources */ = {
			isa = PBXResourcesBuildPhase;
			buildActionMask = 2147483647;
			files = (
			);
			runOnlyForDeploymentPostprocessing = 0;
		};
/* End PBXResourcesBuildPhase section */

/* Begin PBXSourcesBuildPhase section */
		AF4FD6D82225848800C5B0A4 /* Sources */ = {
			isa = PBXSourcesBuildPhase;
			buildActionMask = 2147483647;
			files = (
				AF4FD6E22225848800C5B0A4 /* ViewController.swift in Sources */,
				AF4FD6E02225848800C5B0A4 /* AppDelegate.swift in Sources */,
			);
			runOnlyForDeploymentPostprocessing = 0;
		};
		AF4FD6EC2225848900C5B0A4 /* Sources */ = {
			isa = PBXSourcesBuildPhase;
			buildActionMask = 2147483647;
			files = (
			);
			runOnlyForDeploymentPostprocessing = 0;
		};
		AF4FD6F72225848900C5B0A4 /* Sources */ = {
			isa = PBXSourcesBuildPhase;
			buildActionMask = 2147483647;
			files = (
			);
			runOnlyForDeploymentPostprocessing = 0;
		};
/* End PBXSourcesBuildPhase section */

/* Begin PBXTargetDependency section */
		AF4FD6F22225848900C5B0A4 /* PBXTargetDependency */ = {
			isa = PBXTargetDependency;
			target = AF4FD6DB2225848800C5B0A4 /* 2MD */;
			targetProxy = AF4FD6F12225848900C5B0A4 /* PBXContainerItemProxy */;
		};
		AF4FD6FD2225848900C5B0A4 /* PBXTargetDependency */ = {
			isa = PBXTargetDependency;
			target = AF4FD6DB2225848800C5B0A4 /* 2MD */;
			targetProxy = AF4FD6FC2225848900C5B0A4 /* PBXContainerItemProxy */;
		};
/* End PBXTargetDependency section */

/* Begin PBXVariantGroup section */
		AF4FD6E32225848800C5B0A4 /* Main.storyboard */ = {
			isa = PBXVariantGroup;
			children = (
				AF4FD6E42225848800C5B0A4 /* Base */,
			);
			name = Main.storyboard;
			sourceTree = "<group>";
		};
		AF4FD6E82225848900C5B0A4 /* LaunchScreen.storyboard */ = {
			isa = PBXVariantGroup;
			children = (
				AF4FD6E92225848900C5B0A4 /* Base */,
			);
			name = LaunchScreen.storyboard;
			sourceTree = "<group>";
		};
/* End PBXVariantGroup section */

/* Begin XCBuildConfiguration section */
		AF4FD7022225848900C5B0A4 /* Debug */ = {
			isa = XCBuildConfiguration;
			buildSettings = {
				ALWAYS_SEARCH_USER_PATHS = NO;
				CLANG_ANALYZER_NONNULL = YES;
				CLANG_ANALYZER_NUMBER_OBJECT_CONVERSION = YES_AGGRESSIVE;
				CLANG_CXX_LANGUAGE_STANDARD = "gnu++14";
				CLANG_CXX_LIBRARY = "libc++";
				CLANG_ENABLE_MODULES = YES;
				CLANG_ENABLE_OBJC_ARC = YES;
				CLANG_ENABLE_OBJC_WEAK = YES;
				CLANG_WARN_BLOCK_CAPTURE_AUTORELEASING = YES;
				CLANG_WARN_BOOL_CONVERSION = YES;
				CLANG_WARN_COMMA = YES;
				CLANG_WARN_CONSTANT_CONVERSION = YES;
				CLANG_WARN_DEPRECATED_OBJC_IMPLEMENTATIONS = YES;
				CLANG_WARN_DIRECT_OBJC_ISA_USAGE = YES_ERROR;
				CLANG_WARN_DOCUMENTATION_COMMENTS = YES;
				CLANG_WARN_EMPTY_BODY = YES;
				CLANG_WARN_ENUM_CONVERSION = YES;
				CLANG_WARN_INFINITE_RECURSION = YES;
				CLANG_WARN_INT_CONVERSION = YES;
				CLANG_WARN_NON_LITERAL_NULL_CONVERSION = YES;
				CLANG_WARN_OBJC_IMPLICIT_RETAIN_SELF = YES;
				CLANG_WARN_OBJC_LITERAL_CONVERSION = YES;
				CLANG_WARN_OBJC_ROOT_CLASS = YES_ERROR;
				CLANG_WARN_RANGE_LOOP_ANALYSIS = YES;
				CLANG_WARN_STRICT_PROTOTYPES = YES;
				CLANG_WARN_SUSPICIOUS_MOVE = YES;
				CLANG_WARN_UNGUARDED_AVAILABILITY = YES_AGGRESSIVE;
				CLANG_WARN_UNREACHABLE_CODE = YES;
				CLANG_WARN__DUPLICATE_METHOD_MATCH = YES;
				CODE_SIGN_IDENTITY = "iPhone Developer";
				COPY_PHASE_STRIP = NO;
				DEBUG_INFORMATION_FORMAT = dwarf;
				ENABLE_STRICT_OBJC_MSGSEND = YES;
				ENABLE_TESTABILITY = YES;
				GCC_C_LANGUAGE_STANDARD = gnu11;
				GCC_DYNAMIC_NO_PIC = NO;
				GCC_NO_COMMON_BLOCKS = YES;
				GCC_OPTIMIZATION_LEVEL = 0;
				GCC_PREPROCESSOR_DEFINITIONS = (
					"DEBUG=1",
					"$(inherited)",
				);
				GCC_WARN_64_TO_32_BIT_CONVERSION = YES;
				GCC_WARN_ABOUT_RETURN_TYPE = YES_ERROR;
				GCC_WARN_UNDECLARED_SELECTOR = YES;
				GCC_WARN_UNINITIALIZED_AUTOS = YES_AGGRESSIVE;
				GCC_WARN_UNUSED_FUNCTION = YES;
				GCC_WARN_UNUSED_VARIABLE = YES;
				IPHONEOS_DEPLOYMENT_TARGET = 12.1;
				MTL_ENABLE_DEBUG_INFO = INCLUDE_SOURCE;
				MTL_FAST_MATH = YES;
				ONLY_ACTIVE_ARCH = YES;
				SDKROOT = iphoneos;
				SWIFT_ACTIVE_COMPILATION_CONDITIONS = DEBUG;
				SWIFT_OPTIMIZATION_LEVEL = "-Onone";
			};
			name = Debug;
		};
		AF4FD7032225848900C5B0A4 /* Release */ = {
			isa = XCBuildConfiguration;
			buildSettings = {
				ALWAYS_SEARCH_USER_PATHS = NO;
				CLANG_ANALYZER_NONNULL = YES;
				CLANG_ANALYZER_NUMBER_OBJECT_CONVERSION = YES_AGGRESSIVE;
				CLANG_CXX_LANGUAGE_STANDARD = "gnu++14";
				CLANG_CXX_LIBRARY = "libc++";
				CLANG_ENABLE_MODULES = YES;
				CLANG_ENABLE_OBJC_ARC = YES;
				CLANG_ENABLE_OBJC_WEAK = YES;
				CLANG_WARN_BLOCK_CAPTURE_AUTORELEASING = YES;
				CLANG_WARN_BOOL_CONVERSION = YES;
				CLANG_WARN_COMMA = YES;
				CLANG_WARN_CONSTANT_CONVERSION = YES;
				CLANG_WARN_DEPRECATED_OBJC_IMPLEMENTATIONS = YES;
				CLANG_WARN_DIRECT_OBJC_ISA_USAGE = YES_ERROR;
				CLANG_WARN_DOCUMENTATION_COMMENTS = YES;
				CLANG_WARN_EMPTY_BODY = YES;
				CLANG_WARN_ENUM_CONVERSION = YES;
				CLANG_WARN_INFINITE_RECURSION = YES;
				CLANG_WARN_INT_CONVERSION = YES;
				CLANG_WARN_NON_LITERAL_NULL_CONVERSION = YES;
				CLANG_WARN_OBJC_IMPLICIT_RETAIN_SELF = YES;
				CLANG_WARN_OBJC_LITERAL_CONVERSION = YES;
				CLANG_WARN_OBJC_ROOT_CLASS = YES_ERROR;
				CLANG_WARN_RANGE_LOOP_ANALYSIS = YES;
				CLANG_WARN_STRICT_PROTOTYPES = YES;
				CLANG_WARN_SUSPICIOUS_MOVE = YES;
				CLANG_WARN_UNGUARDED_AVAILABILITY = YES_AGGRESSIVE;
				CLANG_WARN_UNREACHABLE_CODE = YES;
				CLANG_WARN__DUPLICATE_METHOD_MATCH = YES;
				CODE_SIGN_IDENTITY = "iPhone Developer";
				COPY_PHASE_STRIP = NO;
				DEBUG_INFORMATION_FORMAT = "dwarf-with-dsym";
				ENABLE_NS_ASSERTIONS = NO;
				ENABLE_STRICT_OBJC_MSGSEND = YES;
				GCC_C_LANGUAGE_STANDARD = gnu11;
				GCC_NO_COMMON_BLOCKS = YES;
				GCC_WARN_64_TO_32_BIT_CONVERSION = YES;
				GCC_WARN_ABOUT_RETURN_TYPE = YES_ERROR;
				GCC_WARN_UNDECLARED_SELECTOR = YES;
				GCC_WARN_UNINITIALIZED_AUTOS = YES_AGGRESSIVE;
				GCC_WARN_UNUSED_FUNCTION = YES;
				GCC_WARN_UNUSED_VARIABLE = YES;
				IPHONEOS_DEPLOYMENT_TARGET = 12.1;
				MTL_ENABLE_DEBUG_INFO = NO;
				MTL_FAST_MATH = YES;
				SDKROOT = iphoneos;
				SWIFT_COMPILATION_MODE = wholemodule;
				SWIFT_OPTIMIZATION_LEVEL = "-O";
				VALIDATE_PRODUCT = YES;
			};
			name = Release;
		};
		AF4FD7052225848900C5B0A4 /* Debug */ = {
			isa = XCBuildConfiguration;
			buildSettings = {
				ASSETCATALOG_COMPILER_APPICON_NAME = AppIcon;
				CODE_SIGN_STYLE = Automatic;
				INFOPLIST_FILE = 2MD/Info.plist;
				IPHONEOS_DEPLOYMENT_TARGET = 9.1;
				LD_RUNPATH_SEARCH_PATHS = "$(inherited) @executable_path/Frameworks";
				PRODUCT_BUNDLE_IDENTIFIER = "students.-MD";
				PRODUCT_NAME = "$(TARGET_NAME)";
				SDKROOT = iphoneos;
				SWIFT_VERSION = 4.2;
				TARGETED_DEVICE_FAMILY = "1,2";
			};
			name = Debug;
		};
		AF4FD7062225848900C5B0A4 /* Release */ = {
			isa = XCBuildConfiguration;
			buildSettings = {
				ASSETCATALOG_COMPILER_APPICON_NAME = AppIcon;
				CODE_SIGN_STYLE = Automatic;
				INFOPLIST_FILE = 2MD/Info.plist;
				IPHONEOS_DEPLOYMENT_TARGET = 9.1;
				LD_RUNPATH_SEARCH_PATHS = "$(inherited) @executable_path/Frameworks";
				PRODUCT_BUNDLE_IDENTIFIER = "students.-MD";
				PRODUCT_NAME = "$(TARGET_NAME)";
				SDKROOT = iphoneos;
				SWIFT_VERSION = 4.2;
				TARGETED_DEVICE_FAMILY = "1,2";
			};
			name = Release;
		};
		AF4FD7082225848900C5B0A4 /* Debug */ = {
			isa = XCBuildConfiguration;
			buildSettings = {
				ALWAYS_EMBED_SWIFT_STANDARD_LIBRARIES = YES;
				BUNDLE_LOADER = "$(TEST_HOST)";
				CODE_SIGN_STYLE = Automatic;
				INFOPLIST_FILE = 2MDTests/Info.plist;
				IPHONEOS_DEPLOYMENT_TARGET = 8.0;
				LD_RUNPATH_SEARCH_PATHS = "$(inherited) @executable_path/Frameworks @loader_path/Frameworks";
				PRODUCT_BUNDLE_IDENTIFIER = "students.-MDTests";
				PRODUCT_NAME = "$(TARGET_NAME)";
				SWIFT_VERSION = 4.2;
				TARGETED_DEVICE_FAMILY = "1,2";
				TEST_HOST = "$(BUILT_PRODUCTS_DIR)/2MD.app/2MD";
			};
			name = Debug;
		};
		AF4FD7092225848900C5B0A4 /* Release */ = {
			isa = XCBuildConfiguration;
			buildSettings = {
				ALWAYS_EMBED_SWIFT_STANDARD_LIBRARIES = YES;
				BUNDLE_LOADER = "$(TEST_HOST)";
				CODE_SIGN_STYLE = Automatic;
				INFOPLIST_FILE = 2MDTests/Info.plist;
				IPHONEOS_DEPLOYMENT_TARGET = 8.0;
				LD_RUNPATH_SEARCH_PATHS = "$(inherited) @executable_path/Frameworks @loader_path/Frameworks";
				PRODUCT_BUNDLE_IDENTIFIER = "students.-MDTests";
				PRODUCT_NAME = "$(TARGET_NAME)";
				SWIFT_VERSION = 4.2;
				TARGETED_DEVICE_FAMILY = "1,2";
				TEST_HOST = "$(BUILT_PRODUCTS_DIR)/2MD.app/2MD";
			};
			name = Release;
		};
		AF4FD70B2225848900C5B0A4 /* Debug */ = {
			isa = XCBuildConfiguration;
			buildSettings = {
				ALWAYS_EMBED_SWIFT_STANDARD_LIBRARIES = YES;
				CODE_SIGN_STYLE = Automatic;
				INFOPLIST_FILE = 2MDUITests/Info.plist;
				LD_RUNPATH_SEARCH_PATHS = "$(inherited) @executable_path/Frameworks @loader_path/Frameworks";
				PRODUCT_BUNDLE_IDENTIFIER = "students.-MDUITests";
				PRODUCT_NAME = "$(TARGET_NAME)";
				SWIFT_VERSION = 4.2;
				TARGETED_DEVICE_FAMILY = "1,2";
				TEST_TARGET_NAME = 2MD;
			};
			name = Debug;
		};
		AF4FD70C2225848900C5B0A4 /* Release */ = {
			isa = XCBuildConfiguration;
			buildSettings = {
				ALWAYS_EMBED_SWIFT_STANDARD_LIBRARIES = YES;
				CODE_SIGN_STYLE = Automatic;
				INFOPLIST_FILE = 2MDUITests/Info.plist;
				LD_RUNPATH_SEARCH_PATHS = "$(inherited) @executable_path/Frameworks @loader_path/Frameworks";
				PRODUCT_BUNDLE_IDENTIFIER = "students.-MDUITests";
				PRODUCT_NAME = "$(TARGET_NAME)";
				SWIFT_VERSION = 4.2;
				TARGETED_DEVICE_FAMILY = "1,2";
				TEST_TARGET_NAME = 2MD;
			};
			name = Release;
		};
/* End XCBuildConfiguration section */

/* Begin XCConfigurationList section */
		AF4FD6D72225848800C5B0A4 /* Build configuration list for PBXProject "2MD" */ = {
			isa = XCConfigurationList;
			buildConfigurations = (
				AF4FD7022225848900C5B0A4 /* Debug */,
				AF4FD7032225848900C5B0A4 /* Release */,
			);
			defaultConfigurationIsVisible = 0;
			defaultConfigurationName = Release;
		};
		AF4FD7042225848900C5B0A4 /* Build configuration list for PBXNativeTarget "2MD" */ = {
			isa = XCConfigurationList;
			buildConfigurations = (
				AF4FD7052225848900C5B0A4 /* Debug */,
				AF4FD7062225848900C5B0A4 /* Release */,
			);
			defaultConfigurationIsVisible = 0;
			defaultConfigurationName = Release;
		};
		AF4FD7072225848900C5B0A4 /* Build configuration list for PBXNativeTarget "2MDTests" */ = {
			isa = XCConfigurationList;
			buildConfigurations = (
				AF4FD7082225848900C5B0A4 /* Debug */,
				AF4FD7092225848900C5B0A4 /* Release */,
			);
			defaultConfigurationIsVisible = 0;
			defaultConfigurationName = Release;
		};
		AF4FD70A2225848900C5B0A4 /* Build configuration list for PBXNativeTarget "2MDUITests" */ = {
			isa = XCConfigurationList;
			buildConfigurations = (
				AF4FD70B2225848900C5B0A4 /* Debug */,
				AF4FD70C2225848900C5B0A4 /* Release */,
			);
			defaultConfigurationIsVisible = 0;
			defaultConfigurationName = Release;
		};
/* End XCConfigurationList section */
	};
	rootObject = AF4FD6D42225848800C5B0A4 /* Project object */;
}
